
Microsoft Visual Studio Solution File, Format Version 12.00
# Visual Studio Version 17
VisualStudioVersion = 17.10.35122.118
MinimumVisualStudioVersion = 10.0.40219.1
Project("{9A19103F-16F7-4668-BE54-9A1E7A4F7556}") = "Isbutik", "Isbutik.csproj", "{947644B6-4EE3-4C26-BC76-212C0FF41AC0}"
EndProject
Project("{9A19103F-16F7-4668-BE54-9A1E7A4F7556}") = "IsbutikDataClasses", "..\IsbutikDataClasses\IsbutikDataClasses.csproj", "{DAA8E461-0DD8-4295-A166-628E3C66C365}"
EndProject
Project("{9A19103F-16F7-4668-BE54-9A1E7A4F7556}") = "IsbutikFuncLayer", "..\IsbutikFuncLayer\IsbutikFuncLayer.csproj", "{5A6D26F4-C98C-4969-8589-FC883D25D3E7}"
EndProject
Project("{9A19103F-16F7-4668-BE54-9A1E7A4F7556}") = "IsbutikDataLayer", "..\IsbutikModelLayer\IsbutikDataLayer.csproj", "{9240E3DF-4558-4D4F-AEDA-74A647AB7ABC}"
EndProject
Project("{9A19103F-16F7-4668-BE54-9A1E7A4F7556}") = "KundeIsbutik", "..\KundeIsbutik\KundeIsbutik.csproj", "{7EBCA19F-72F9-4BD5-97D4-51CBEA81B6B6}"
EndProject
Project("{FAE04EC0-301F-11D3-BF4B-00C04F79EFBC}") = "Unit test", "..\Unit test\Unit test.csproj", "{8B3297BC-47A9-42E1-9528-228D10D9D7A6}"
EndProject
Global
	GlobalSection(SolutionConfigurationPlatforms) = preSolution
		Debug|Any CPU = Debug|Any CPU
		Release|Any CPU = Release|Any CPU
	EndGlobalSection
	GlobalSection(ProjectConfigurationPlatforms) = postSolution
		{947644B6-4EE3-4C26-BC76-212C0FF41AC0}.Debug|Any CPU.ActiveCfg = Debug|Any CPU
		{947644B6-4EE3-4C26-BC76-212C0FF41AC0}.Debug|Any CPU.Build.0 = Debug|Any CPU
		{947644B6-4EE3-4C26-BC76-212C0FF41AC0}.Release|Any CPU.ActiveCfg = Release|Any CPU
		{947644B6-4EE3-4C26-BC76-212C0FF41AC0}.Release|Any CPU.Build.0 = Release|Any CPU
		{DAA8E461-0DD8-4295-A166-628E3C66C365}.Debug|Any CPU.ActiveCfg = Debug|Any CPU
		{DAA8E461-0DD8-4295-A166-628E3C66C365}.Debug|Any CPU.Build.0 = Debug|Any CPU
		{DAA8E461-0DD8-4295-A166-628E3C66C365}.Release|Any CPU.ActiveCfg = Release|Any CPU
		{DAA8E461-0DD8-4295-A166-628E3C66C365}.Release|Any CPU.Build.0 = Release|Any CPU
		{5A6D26F4-C98C-4969-8589-FC883D25D3E7}.Debug|Any CPU.ActiveCfg = Debug|Any CPU
		{5A6D26F4-C98C-4969-8589-FC883D25D3E7}.Debug|Any CPU.Build.0 = Debug|Any CPU
		{5A6D26F4-C98C-4969-8589-FC883D25D3E7}.Release|Any CPU.ActiveCfg = Release|Any CPU
		{5A6D26F4-C98C-4969-8589-FC883D25D3E7}.Release|Any CPU.Build.0 = Release|Any CPU
		{9240E3DF-4558-4D4F-AEDA-74A647AB7ABC}.Debug|Any CPU.ActiveCfg = Debug|Any CPU
		{9240E3DF-4558-4D4F-AEDA-74A647AB7ABC}.Debug|Any CPU.Build.0 = Debug|Any CPU
		{9240E3DF-4558-4D4F-AEDA-74A647AB7ABC}.Release|Any CPU.ActiveCfg = Release|Any CPU
		{9240E3DF-4558-4D4F-AEDA-74A647AB7ABC}.Release|Any CPU.Build.0 = Release|Any CPU
		{7EBCA19F-72F9-4BD5-97D4-51CBEA81B6B6}.Debug|Any CPU.ActiveCfg = Debug|Any CPU
		{7EBCA19F-72F9-4BD5-97D4-51CBEA81B6B6}.Debug|Any CPU.Build.0 = Debug|Any CPU
		{7EBCA19F-72F9-4BD5-97D4-51CBEA81B6B6}.Release|Any CPU.ActiveCfg = Release|Any CPU
		{7EBCA19F-72F9-4BD5-97D4-51CBEA81B6B6}.Release|Any CPU.Build.0 = Release|Any CPU
		{8B3297BC-47A9-42E1-9528-228D10D9D7A6}.Debug|Any CPU.ActiveCfg = Debug|Any CPU
		{8B3297BC-47A9-42E1-9528-228D10D9D7A6}.Debug|Any CPU.Build.0 = Debug|Any CPU
		{8B3297BC-47A9-42E1-9528-228D10D9D7A6}.Release|Any CPU.ActiveCfg = Release|Any CPU
		{8B3297BC-47A9-42E1-9528-228D10D9D7A6}.Release|Any CPU.Build.0 = Release|Any CPU
	EndGlobalSection
	GlobalSection(SolutionProperties) = preSolution
		HideSolutionNode = FALSE
	EndGlobalSection
	GlobalSection(ExtensibilityGlobals) = postSolution
		SolutionGuid = {1D6DD772-0265-44F4-B278-FDA91C1CB087}
	EndGlobalSection
EndGlobal
